PODS:
  - Reduxift (0.3.0)
  - RxReduxift (0.2.0):
    - Reduxift (~> 0.3.0)
    - RxSwift (~> 5.0)
  - RxSwift (5.0.1)

DEPENDENCIES:
  - RxReduxift (from `../`)

SPEC REPOS:
  trunk:
    - Reduxift
    - RxSwift

EXTERNAL SOURCES:
  RxReduxift:
    :path: "../"

SPEC CHECKSUMS:
  Reduxift: f7250b4e8ecedaf65e0c7825f3164418a090d17c
  RxReduxift: fcb845c9c64ea3007c1ebef30f383f4aee4d5484
  RxSwift: e2dc62b366a3adf6a0be44ba9f405efd4c94e0c4

PODFILE CHECKSUM: 9efad13a98fde5cd999d3e67df80cd9b036f038a

COCOAPODS: 1.8.4
