PODS:
  - Reduxift (0.4.3)
  - RxCocoa (5.0.1):
    - RxRelay (~> 5)
    - RxSwift (~> 5)
  - RxReduxift (0.4.0):
    - Reduxift (~> 0.4.3)
    - RxRelay (~> 5.0)
    - RxSwift (~> 5.0)
  - RxRelay (5.0.1):
    - RxSwift (~> 5)
  - RxSwift (5.0.1)

DEPENDENCIES:
  - RxCocoa (~> 5.0)
  - RxReduxift (from `../`)

SPEC REPOS:
  trunk:
    - Reduxift
    - RxCocoa
    - RxRelay
    - RxSwift

EXTERNAL SOURCES:
  RxReduxift:
    :path: "../"

SPEC CHECKSUMS:
  Reduxift: 8396f870c067b9b254ba8f84feb418f49797a2e3
  RxCocoa: e741b9749968e8a143e2b787f1dfbff2b63d0a5c
  RxReduxift: e32a7e840d748093a7c7bbf2059cfcacd047a964
  RxRelay: 89d54507f4fd4d969e6ec1d4bd7f3673640b4640
  RxSwift: e2dc62b366a3adf6a0be44ba9f405efd4c94e0c4

PODFILE CHECKSUM: 6a9196279cb8b4ea0cb7f3b41a1d9d42f9c6ef07

COCOAPODS: 1.8.4
