PODS:
  - Reduxift (0.1.0)
  - RxAtomic (4.4.1)
  - RxCocoa (4.4.1):
    - RxSwift (~> 4.0)
  - RxReduxift (0.1.0):
    - Reduxift (~> 0.1)
    - RxSwift (~> 4.0)
  - RxSwift (4.4.1):
    - RxAtomic (~> 4.4)

DEPENDENCIES:
  - RxCocoa (~> 4.0)
  - RxReduxift (from `../`)

SPEC REPOS:
  https://github.com/cocoapods/specs.git:
    - Reduxift
    - RxAtomic
    - RxCocoa
    - RxSwift

EXTERNAL SOURCES:
  RxReduxift:
    :path: "../"

SPEC CHECKSUMS:
  Reduxift: 6b4854dd7fbc0e41b28a470754b6c250b357b94a
  RxAtomic: f8d6adc1ccb87a767811269e4875887bc74dbf19
  RxCocoa: 2f35a76bf8887872e28a1914112395b11b8e0e64
  RxReduxift: 2b8eace94dfa8858ea210a0be91da0ca3d857b5a
  RxSwift: 92fcf68dfef21f3e2ab1965363d9e7b3d787597e

PODFILE CHECKSUM: 3ecf5cabb6b709a6029038c34a1721b740b17ccd

COCOAPODS: 1.6.0
